PODS:
  - EnablexWebRTC (1.0.2)
  - EnxRTCiOS (3.0.4):
    - EnablexWebRTC (= 1.0.2)
  - NWPusher (0.7.5)
  - ReachabilitySwift (5.2.3)
  - Socket.IO-Client-Swift (16.1.0):
    - Starscream (~> 4.0.6)
  - Starscream (4.0.8)
  - SVProgressHUD (2.3.1):
    - SVProgressHUD/Core (= 2.3.1)
  - SVProgressHUD/Core (2.3.1)

DEPENDENCIES:
  - EnxRTCiOS
  - NWPusher (~> 0.7.0)
  - ReachabilitySwift
  - Socket.IO-Client-Swift (~> 16.1.0)
  - SVProgressHUD

SPEC REPOS:
  trunk:
    - EnablexWebRTC
    - EnxRTCiOS
    - NWPusher
    - ReachabilitySwift
    - Socket.IO-Client-Swift
    - Starscream
    - SVProgressHUD

SPEC CHECKSUMS:
  EnablexWebRTC: 05f0d79eb6f133f1b844af9a2b7530dc7c6e2108
  EnxRTCiOS: bd9386bb5865d2934ada99064b2a957233296e55
  NWPusher: 9b29a44754d88cb02c28a1e9bc8750845506123e
  ReachabilitySwift: 7f151ff156cea1481a8411701195ac6a984f4979
  Socket.IO-Client-Swift: ee4b8f80a3db18dd7f32b266ddf273310609443c
  Starscream: 19b5533ddb925208db698f0ac508a100b884a1b9
  SVProgressHUD: 4837c74bdfe2e51e8821c397825996a8d7de6e22

PODFILE CHECKSUM: 365c6cd1929f128ee56a18ca6d6a22492fd3b275

COCOAPODS: 1.15.2
